PODS:
  - GMOpenSSL (2.2.9)
  - TencentCloudLogProducer/Core (1.0.1):
    - GMOpenSSL (~> 2.2.6)

DEPENDENCIES:
  - TencentCloudLogProducer/Core (from `../../`)

SPEC REPOS:
  trunk:
    - GMOpenSSL

EXTERNAL SOURCES:
  TencentCloudLogProducer:
    :path: "../../"

SPEC CHECKSUMS:
  GMOpenSSL: d6d119ff8f00d4e03c2cdf733fb61e98e22da9c7
  TencentCloudLogProducer: b9e47804bde41dc75106d45bbe79dad0e5dfcc5e

PODFILE CHECKSUM: 0995036c9d784b620ade96d6b84902b1f252640e

COCOAPODS: 1.11.3
