PODS:
  - FMDB (2.7.5):
    - FMDB/standard (= 2.7.5)
  - FMDB/standard (2.7.5)
  - Protobuf (3.29.5)
  - Reachability (3.7.6)
  - TencentCloudLogProducer/Core (3.0.0):
    - FMDB (~> 2.7.5)
    - Protobuf (~> 3.29.5)
    - Reachability (~> 3.7)
  - TencentCloudLogProducer/NetWorkDiagnosis (3.0.0):
    - TencentCloudLogProducer/Core

DEPENDENCIES:
  - TencentCloudLogProducer/Core (from `../../`)
  - TencentCloudLogProducer/NetWorkDiagnosis (from `../../`)

SPEC REPOS:
  trunk:
    - FMDB
    - Protobuf
    - Reachability

EXTERNAL SOURCES:
  TencentCloudLogProducer:
    :path: "../../"

SPEC CHECKSUMS:
  FMDB: 2ce00b547f966261cd18927a3ddb07cb6f3db82a
  Protobuf: 164aea2ae380c3951abdc3e195220c01d17400e0
  Reachability: fd0ecd23705e2599e4cceeb943222ae02296cbc6
  TencentCloudLogProducer: 94c5768ab3e90e439279c52b8d20585949606541

PODFILE CHECKSUM: 62369c2764abd621d022ccdb221e8b1dde0be573

COCOAPODS: 1.16.2
