// !$*UTF8*$!
{
	archiveVersion = 1;
	classes = {
	};
	objectVersion = 56;
	objects = {

/* Begin PBXBuildFile section */
		EBAE1BE42EE17789009551F0 /* AppDelegate.m in Sources */ = {isa = PBXBuildFile; fileRef = EBAE1BE32EE17789009551F0 /* AppDelegate.m */; };
		EBAE1BED2EE17789009551F0 /* Main.storyboard in Resources */ = {isa = PBXBuildFile; fileRef = EBAE1BEB2EE17789009551F0 /* Main.storyboard */; };
		EBAE1BEF2EE1778A009551F0 /* Assets.xcassets in Resources */ = {isa = PBXBuildFile; fileRef = EBAE1BEE2EE1778A009551F0 /* Assets.xcassets */; };
		EBAE1BF22EE1778A009551F0 /* LaunchScreen.storyboard in Resources */ = {isa = PBXBuildFile; fileRef = EBAE1BF02EE1778A009551F0 /* LaunchScreen.storyboard */; };
		EBAE1BF52EE1778A009551F0 /* main.m in Sources */ = {isa = PBXBuildFile; fileRef = EBAE1BF42EE1778A009551F0 /* main.m */; };
		EBAE1BFF2EE1778A009551F0 /* TencentCloudLogDemoTests.m in Sources */ = {isa = PBXBuildFile; fileRef = EBAE1BFE2EE1778A009551F0 /* TencentCloudLogDemoTests.m */; };
		EBCC8ABB2EE28A4E006B5797 /* CLSMainViewController.h in Sources */ = {isa = PBXBuildFile; fileRef = EBCC8ABA2EE28A4E006B5797 /* CLSMainViewController.h */; };
		EBCC8ABD2EE28A5D006B5797 /* CLSMainViewController.m in Sources */ = {isa = PBXBuildFile; fileRef = EBCC8ABC2EE28A5D006B5797 /* CLSMainViewController.m */; };
		EBCC8ABF2EE28A80006B5797 /* CLSLogUploadViewController.h in Sources */ = {isa = PBXBuildFile; fileRef = EBCC8ABE2EE28A80006B5797 /* CLSLogUploadViewController.h */; };
		EBCC8AC12EE28A8C006B5797 /* CLSLogUploadViewController.m in Sources */ = {isa = PBXBuildFile; fileRef = EBCC8AC02EE28A8C006B5797 /* CLSLogUploadViewController.m */; };
		EBCC8AC32EE28AC8006B5797 /* CLSNetworkDetectViewController.h in Sources */ = {isa = PBXBuildFile; fileRef = EBCC8AC22EE28AC8006B5797 /* CLSNetworkDetectViewController.h */; };
		EBCC8AC52EE28AD7006B5797 /* CLSNetworkDetectViewController.m in Sources */ = {isa = PBXBuildFile; fileRef = EBCC8AC42EE28AD7006B5797 /* CLSNetworkDetectViewController.m */; };
		FFA6B41AEB6D9B3FBFCFED40 /* libPods-TencentCloudLogDemo.a in Frameworks */ = {isa = PBXBuildFile; fileRef = 68480E74187AE78BE7DF92C2 /* libPods-TencentCloudLogDemo.a */; };
/* End PBXBuildFile section */

/* Begin PBXContainerItemProxy section */
		EBAE1BFB2EE1778A009551F0 /* PBXContainerItemProxy */ = {
			isa = PBXContainerItemProxy;
			containerPortal = EBAE1BD72EE17789009551F0 /* Project object */;
			proxyType = 1;
			remoteGlobalIDString = EBAE1BDE2EE17789009551F0;
			remoteInfo = TencentCloudLogDemo;
		};
/* End PBXContainerItemProxy section */

/* Begin PBXFileReference section */
		10CCD9C0D9E2642295FFA231 /* Pods-TencentCloudLogDemo.release.xcconfig */ = {isa = PBXFileReference; includeInIndex = 1; lastKnownFileType = text.xcconfig; name = "Pods-TencentCloudLogDemo.release.xcconfig"; path = "Target Support Files/Pods-TencentCloudLogDemo/Pods-TencentCloudLogDemo.release.xcconfig"; sourceTree = "<group>"; };
		3B748AE9EABB9A2BFA90FEE2 /* libPods-TencentCloudLogDemoUITests.a */ = {isa = PBXFileReference; explicitFileType = archive.ar; includeInIndex = 0; path = "libPods-TencentCloudLogDemoUITests.a"; sourceTree = BUILT_PRODUCTS_DIR; };
		3EEAC34CDC444E94649BB130 /* Pods-TencentCloudLogDemoUITests.debug.xcconfig */ = {isa = PBXFileReference; includeInIndex = 1; lastKnownFileType = text.xcconfig; name = "Pods-TencentCloudLogDemoUITests.debug.xcconfig"; path = "Target Support Files/Pods-TencentCloudLogDemoUITests/Pods-TencentCloudLogDemoUITests.debug.xcconfig"; sourceTree = "<group>"; };
		68480E74187AE78BE7DF92C2 /* libPods-TencentCloudLogDemo.a */ = {isa = PBXFileReference; explicitFileType = archive.ar; includeInIndex = 0; path = "libPods-TencentCloudLogDemo.a"; sourceTree = BUILT_PRODUCTS_DIR; };
		802D771F1115D64CC374912A /* Pods-TencentCloudLogDemo.debug.xcconfig */ = {isa = PBXFileReference; includeInIndex = 1; lastKnownFileType = text.xcconfig; name = "Pods-TencentCloudLogDemo.debug.xcconfig"; path = "Target Support Files/Pods-TencentCloudLogDemo/Pods-TencentCloudLogDemo.debug.xcconfig"; sourceTree = "<group>"; };
		EBAE1BDF2EE17789009551F0 /* TencentCloudLogDemo.app */ = {isa = PBXFileReference; explicitFileType = wrapper.application; includeInIndex = 0; path = TencentCloudLogDemo.app; sourceTree = BUILT_PRODUCTS_DIR; };
		EBAE1BE22EE17789009551F0 /* AppDelegate.h */ = {isa = PBXFileReference; lastKnownFileType = sourcecode.c.h; path = AppDelegate.h; sourceTree = "<group>"; };
		EBAE1BE32EE17789009551F0 /* AppDelegate.m */ = {isa = PBXFileReference; lastKnownFileType = sourcecode.c.objc; path = AppDelegate.m; sourceTree = "<group>"; };
		EBAE1BEC2EE17789009551F0 /* Base */ = {isa = PBXFileReference; lastKnownFileType = file.storyboard; name = Base; path = Base.lproj/Main.storyboard; sourceTree = "<group>"; };
		EBAE1BEE2EE1778A009551F0 /* Assets.xcassets */ = {isa = PBXFileReference; lastKnownFileType = folder.assetcatalog; path = Assets.xcassets; sourceTree = "<group>"; };
		EBAE1BF12EE1778A009551F0 /* Base */ = {isa = PBXFileReference; lastKnownFileType = file.storyboard; name = Base; path = Base.lproj/LaunchScreen.storyboard; sourceTree = "<group>"; };
		EBAE1BF32EE1778A009551F0 /* Info.plist */ = {isa = PBXFileReference; lastKnownFileType = text.plist.xml; path = Info.plist; sourceTree = "<group>"; };
		EBAE1BF42EE1778A009551F0 /* main.m */ = {isa = PBXFileReference; lastKnownFileType = sourcecode.c.objc; path = main.m; sourceTree = "<group>"; };
		EBAE1BFA2EE1778A009551F0 /* TencentCloudLogDemoTests.xctest */ = {isa = PBXFileReference; explicitFileType = wrapper.cfbundle; includeInIndex = 0; path = TencentCloudLogDemoTests.xctest; sourceTree = BUILT_PRODUCTS_DIR; };
		EBAE1BFE2EE1778A009551F0 /* TencentCloudLogDemoTests.m */ = {isa = PBXFileReference; lastKnownFileType = sourcecode.c.objc; path = TencentCloudLogDemoTests.m; sourceTree = "<group>"; };
		EBAE1C082EE1778A009551F0 /* TencentCloudLogDemoUITests.m */ = {isa = PBXFileReference; lastKnownFileType = sourcecode.c.objc; path = TencentCloudLogDemoUITests.m; sourceTree = "<group>"; };
		EBAE1C0A2EE1778A009551F0 /* TencentCloudLogDemoUITestsLaunchTests.m */ = {isa = PBXFileReference; lastKnownFileType = sourcecode.c.objc; path = TencentCloudLogDemoUITestsLaunchTests.m; sourceTree = "<group>"; };
		EBCC8ABA2EE28A4E006B5797 /* CLSMainViewController.h */ = {isa = PBXFileReference; lastKnownFileType = sourcecode.c.h; path = CLSMainViewController.h; sourceTree = "<group>"; };
		EBCC8ABC2EE28A5D006B5797 /* CLSMainViewController.m */ = {isa = PBXFileReference; lastKnownFileType = sourcecode.c.objc; path = CLSMainViewController.m; sourceTree = "<group>"; };
		EBCC8ABE2EE28A80006B5797 /* CLSLogUploadViewController.h */ = {isa = PBXFileReference; lastKnownFileType = sourcecode.c.h; path = CLSLogUploadViewController.h; sourceTree = "<group>"; };
		EBCC8AC02EE28A8C006B5797 /* CLSLogUploadViewController.m */ = {isa = PBXFileReference; lastKnownFileType = sourcecode.c.objc; path = CLSLogUploadViewController.m; sourceTree = "<group>"; };
		EBCC8AC22EE28AC8006B5797 /* CLSNetworkDetectViewController.h */ = {isa = PBXFileReference; lastKnownFileType = sourcecode.c.h; path = CLSNetworkDetectViewController.h; sourceTree = "<group>"; };
		EBCC8AC42EE28AD7006B5797 /* CLSNetworkDetectViewController.m */ = {isa = PBXFileReference; lastKnownFileType = sourcecode.c.objc; path = CLSNetworkDetectViewController.m; sourceTree = "<group>"; };
		EBE721352BD12779DBE58DFA /* Pods-TencentCloudLogDemoUITests.release.xcconfig */ = {isa = PBXFileReference; includeInIndex = 1; lastKnownFileType = text.xcconfig; name = "Pods-TencentCloudLogDemoUITests.release.xcconfig"; path = "Target Support Files/Pods-TencentCloudLogDemoUITests/Pods-TencentCloudLogDemoUITests.release.xcconfig"; sourceTree = "<group>"; };
/* End PBXFileReference section */

/* Begin PBXFrameworksBuildPhase section */
		EBAE1BDC2EE17789009551F0 /* Frameworks */ = {
			isa = PBXFrameworksBuildPhase;
			buildActionMask = 2147483647;
			files = (
				FFA6B41AEB6D9B3FBFCFED40 /* libPods-TencentCloudLogDemo.a in Frameworks */,
			);
			runOnlyForDeploymentPostprocessing = 0;
		};
		EBAE1BF72EE1778A009551F0 /* Frameworks */ = {
			isa = PBXFrameworksBuildPhase;
			buildActionMask = 2147483647;
			files = (
			);
			runOnlyForDeploymentPostprocessing = 0;
		};
/* End PBXFrameworksBuildPhase section */

/* Begin PBXGroup section */
		05A3D48F995F3124020BE694 /* Frameworks */ = {
			isa = PBXGroup;
			children = (
				68480E74187AE78BE7DF92C2 /* libPods-TencentCloudLogDemo.a */,
				3B748AE9EABB9A2BFA90FEE2 /* libPods-TencentCloudLogDemoUITests.a */,
			);
			name = Frameworks;
			sourceTree = "<group>";
		};
		EBAE1BD62EE17789009551F0 = {
			isa = PBXGroup;
			children = (
				EBAE1BE12EE17789009551F0 /* TencentCloudLogDemo */,
				EBAE1BFD2EE1778A009551F0 /* TencentCloudLogDemoTests */,
				EBAE1C072EE1778A009551F0 /* TencentCloudLogDemoUITests */,
				EBAE1BE02EE17789009551F0 /* Products */,
				FF832DE7CBFC7B1986668689 /* Pods */,
				05A3D48F995F3124020BE694 /* Frameworks */,
			);
			sourceTree = "<group>";
		};
		EBAE1BE02EE17789009551F0 /* Products */ = {
			isa = PBXGroup;
			children = (
				EBAE1BDF2EE17789009551F0 /* TencentCloudLogDemo.app */,
				EBAE1BFA2EE1778A009551F0 /* TencentCloudLogDemoTests.xctest */,
			);
			name = Products;
			sourceTree = "<group>";
		};
		EBAE1BE12EE17789009551F0 /* TencentCloudLogDemo */ = {
			isa = PBXGroup;
			children = (
				EBAE1BE22EE17789009551F0 /* AppDelegate.h */,
				EBAE1BE32EE17789009551F0 /* AppDelegate.m */,
				EBAE1BEB2EE17789009551F0 /* Main.storyboard */,
				EBAE1BEE2EE1778A009551F0 /* Assets.xcassets */,
				EBAE1BF02EE1778A009551F0 /* LaunchScreen.storyboard */,
				EBAE1BF32EE1778A009551F0 /* Info.plist */,
				EBAE1BF42EE1778A009551F0 /* main.m */,
				EBCC8ABA2EE28A4E006B5797 /* CLSMainViewController.h */,
				EBCC8ABC2EE28A5D006B5797 /* CLSMainViewController.m */,
				EBCC8ABE2EE28A80006B5797 /* CLSLogUploadViewController.h */,
				EBCC8AC02EE28A8C006B5797 /* CLSLogUploadViewController.m */,
				EBCC8AC22EE28AC8006B5797 /* CLSNetworkDetectViewController.h */,
				EBCC8AC42EE28AD7006B5797 /* CLSNetworkDetectViewController.m */,
			);
			path = TencentCloudLogDemo;
			sourceTree = "<group>";
		};
		EBAE1BFD2EE1778A009551F0 /* TencentCloudLogDemoTests */ = {
			isa = PBXGroup;
			children = (
				EBAE1BFE2EE1778A009551F0 /* TencentCloudLogDemoTests.m */,
			);
			path = TencentCloudLogDemoTests;
			sourceTree = "<group>";
		};
		EBAE1C072EE1778A009551F0 /* TencentCloudLogDemoUITests */ = {
			isa = PBXGroup;
			children = (
				EBAE1C082EE1778A009551F0 /* TencentCloudLogDemoUITests.m */,
				EBAE1C0A2EE1778A009551F0 /* TencentCloudLogDemoUITestsLaunchTests.m */,
			);
			path = TencentCloudLogDemoUITests;
			sourceTree = "<group>";
		};
		FF832DE7CBFC7B1986668689 /* Pods */ = {
			isa = PBXGroup;
			children = (
				802D771F1115D64CC374912A /* Pods-TencentCloudLogDemo.debug.xcconfig */,
				10CCD9C0D9E2642295FFA231 /* Pods-TencentCloudLogDemo.release.xcconfig */,
				3EEAC34CDC444E94649BB130 /* Pods-TencentCloudLogDemoUITests.debug.xcconfig */,
				EBE721352BD12779DBE58DFA /* Pods-TencentCloudLogDemoUITests.release.xcconfig */,
			);
			path = Pods;
			sourceTree = "<group>";
		};
/* End PBXGroup section */

/* Begin PBXNativeTarget section */
		EBAE1BDE2EE17789009551F0 /* TencentCloudLogDemo */ = {
			isa = PBXNativeTarget;
			buildConfigurationList = EBAE1C0E2EE1778A009551F0 /* Build configuration list for PBXNativeTarget "TencentCloudLogDemo" */;
			buildPhases = (
				6AA51426DB5DDB3E768A04B1 /* [CP] Check Pods Manifest.lock */,
				EBAE1BDB2EE17789009551F0 /* Sources */,
				EBAE1BDC2EE17789009551F0 /* Frameworks */,
				EBAE1BDD2EE17789009551F0 /* Resources */,
				00D69A74381D42A92612B768 /* [CP] Copy Pods Resources */,
			);
			buildRules = (
			);
			dependencies = (
			);
			name = TencentCloudLogDemo;
			productName = TencentCloudLogDemo;
			productReference = EBAE1BDF2EE17789009551F0 /* TencentCloudLogDemo.app */;
			productType = "com.apple.product-type.application";
		};
		EBAE1BF92EE1778A009551F0 /* TencentCloudLogDemoTests */ = {
			isa = PBXNativeTarget;
			buildConfigurationList = EBAE1C112EE1778A009551F0 /* Build configuration list for PBXNativeTarget "TencentCloudLogDemoTests" */;
			buildPhases = (
				EBAE1BF62EE1778A009551F0 /* Sources */,
				EBAE1BF72EE1778A009551F0 /* Frameworks */,
				EBAE1BF82EE1778A009551F0 /* Resources */,
			);
			buildRules = (
			);
			dependencies = (
				EBAE1BFC2EE1778A009551F0 /* PBXTargetDependency */,
			);
			name = TencentCloudLogDemoTests;
			productName = TencentCloudLogDemoTests;
			productReference = EBAE1BFA2EE1778A009551F0 /* TencentCloudLogDemoTests.xctest */;
			productType = "com.apple.product-type.bundle.unit-test";
		};
/* End PBXNativeTarget section */

/* Begin PBXProject section */
		EBAE1BD72EE17789009551F0 /* Project object */ = {
			isa = PBXProject;
			attributes = {
				BuildIndependentTargetsInParallel = 1;
				LastUpgradeCheck = 1520;
				TargetAttributes = {
					EBAE1BDE2EE17789009551F0 = {
						CreatedOnToolsVersion = 15.2;
					};
					EBAE1BF92EE1778A009551F0 = {
						CreatedOnToolsVersion = 15.2;
						TestTargetID = EBAE1BDE2EE17789009551F0;
					};
				};
			};
			buildConfigurationList = EBAE1BDA2EE17789009551F0 /* Build configuration list for PBXProject "TencentCloudLogDemo" */;
			compatibilityVersion = "Xcode 14.0";
			developmentRegion = en;
			hasScannedForEncodings = 0;
			knownRegions = (
				en,
				Base,
			);
			mainGroup = EBAE1BD62EE17789009551F0;
			productRefGroup = EBAE1BE02EE17789009551F0 /* Products */;
			projectDirPath = "";
			projectRoot = "";
			targets = (
				EBAE1BDE2EE17789009551F0 /* TencentCloudLogDemo */,
				EBAE1BF92EE1778A009551F0 /* TencentCloudLogDemoTests */,
			);
		};
/* End PBXProject section */

/* Begin PBXResourcesBuildPhase section */
		EBAE1BDD2EE17789009551F0 /* Resources */ = {
			isa = PBXResourcesBuildPhase;
			buildActionMask = 2147483647;
			files = (
				EBAE1BF22EE1778A009551F0 /* LaunchScreen.storyboard in Resources */,
				EBAE1BEF2EE1778A009551F0 /* Assets.xcassets in Resources */,
				EBAE1BED2EE17789009551F0 /* Main.storyboard in Resources */,
			);
			runOnlyForDeploymentPostprocessing = 0;
		};
		EBAE1BF82EE1778A009551F0 /* Resources */ = {
			isa = PBXResourcesBuildPhase;
			buildActionMask = 2147483647;
			files = (
			);
			runOnlyForDeploymentPostprocessing = 0;
		};
/* End PBXResourcesBuildPhase section */

/* Begin PBXShellScriptBuildPhase section */
		00D69A74381D42A92612B768 /* [CP] Copy Pods Resources */ = {
			isa = PBXShellScriptBuildPhase;
			buildActionMask = 2147483647;
			files = (
			);
			inputFileListPaths = (
				"${PODS_ROOT}/Target Support Files/Pods-TencentCloudLogDemo/Pods-TencentCloudLogDemo-resources-${CONFIGURATION}-input-files.xcfilelist",
			);
			name = "[CP] Copy Pods Resources";
			outputFileListPaths = (
				"${PODS_ROOT}/Target Support Files/Pods-TencentCloudLogDemo/Pods-TencentCloudLogDemo-resources-${CONFIGURATION}-output-files.xcfilelist",
			);
			runOnlyForDeploymentPostprocessing = 0;
			shellPath = /bin/sh;
			shellScript = "\"${PODS_ROOT}/Target Support Files/Pods-TencentCloudLogDemo/Pods-TencentCloudLogDemo-resources.sh\"\n";
			showEnvVarsInLog = 0;
		};
		6AA51426DB5DDB3E768A04B1 /* [CP] Check Pods Manifest.lock */ = {
			isa = PBXShellScriptBuildPhase;
			buildActionMask = 2147483647;
			files = (
			);
			inputFileListPaths = (
			);
			inputPaths = (
				"${PODS_PODFILE_DIR_PATH}/Podfile.lock",
				"${PODS_ROOT}/Manifest.lock",
			);
			name = "[CP] Check Pods Manifest.lock";
			outputFileListPaths = (
			);
			outputPaths = (
				"$(DERIVED_FILE_DIR)/Pods-TencentCloudLogDemo-checkManifestLockResult.txt",
			);
			runOnlyForDeploymentPostprocessing = 0;
			shellPath = /bin/sh;
			shellScript = "diff \"${PODS_PODFILE_DIR_PATH}/Podfile.lock\" \"${PODS_ROOT}/Manifest.lock\" > /dev/null\nif [ $? != 0 ] ; then\n    # print error to STDERR\n    echo \"error: The sandbox is not in sync with the Podfile.lock. Run 'pod install' or update your CocoaPods installation.\" >&2\n    exit 1\nfi\n# This output is used by Xcode 'outputs' to avoid re-running this script phase.\necho \"SUCCESS\" > \"${SCRIPT_OUTPUT_FILE_0}\"\n";
			showEnvVarsInLog = 0;
		};
/* End PBXShellScriptBuildPhase section */

/* Begin PBXSourcesBuildPhase section */
		EBAE1BDB2EE17789009551F0 /* Sources */ = {
			isa = PBXSourcesBuildPhase;
			buildActionMask = 2147483647;
			files = (
				EBCC8AC32EE28AC8006B5797 /* CLSNetworkDetectViewController.h in Sources */,
				EBCC8ABD2EE28A5D006B5797 /* CLSMainViewController.m in Sources */,
				EBCC8AC12EE28A8C006B5797 /* CLSLogUploadViewController.m in Sources */,
				EBAE1BE42EE17789009551F0 /* AppDelegate.m in Sources */,
				EBCC8ABB2EE28A4E006B5797 /* CLSMainViewController.h in Sources */,
				EBCC8ABF2EE28A80006B5797 /* CLSLogUploadViewController.h in Sources */,
				EBCC8AC52EE28AD7006B5797 /* CLSNetworkDetectViewController.m in Sources */,
				EBAE1BF52EE1778A009551F0 /* main.m in Sources */,
			);
			runOnlyForDeploymentPostprocessing = 0;
		};
		EBAE1BF62EE1778A009551F0 /* Sources */ = {
			isa = PBXSourcesBuildPhase;
			buildActionMask = 2147483647;
			files = (
				EBAE1BFF2EE1778A009551F0 /* TencentCloudLogDemoTests.m in Sources */,
			);
			runOnlyForDeploymentPostprocessing = 0;
		};
/* End PBXSourcesBuildPhase section */

/* Begin PBXTargetDependency section */
		EBAE1BFC2EE1778A009551F0 /* PBXTargetDependency */ = {
			isa = PBXTargetDependency;
			target = EBAE1BDE2EE17789009551F0 /* TencentCloudLogDemo */;
			targetProxy = EBAE1BFB2EE1778A009551F0 /* PBXContainerItemProxy */;
		};
/* End PBXTargetDependency section */

/* Begin PBXVariantGroup section */
		EBAE1BEB2EE17789009551F0 /* Main.storyboard */ = {
			isa = PBXVariantGroup;
			children = (
				EBAE1BEC2EE17789009551F0 /* Base */,
			);
			name = Main.storyboard;
			sourceTree = "<group>";
		};
		EBAE1BF02EE1778A009551F0 /* LaunchScreen.storyboard */ = {
			isa = PBXVariantGroup;
			children = (
				EBAE1BF12EE1778A009551F0 /* Base */,
			);
			name = LaunchScreen.storyboard;
			sourceTree = "<group>";
		};
/* End PBXVariantGroup section */

/* Begin XCBuildConfiguration section */
		EBAE1C0C2EE1778A009551F0 /* Debug */ = {
			isa = XCBuildConfiguration;
			buildSettings = {
				ALWAYS_SEARCH_USER_PATHS = NO;
				ASSETCATALOG_COMPILER_GENERATE_SWIFT_ASSET_SYMBOL_EXTENSIONS = YES;
				CLANG_ANALYZER_NONNULL = YES;
				CLANG_ANALYZER_NUMBER_OBJECT_CONVERSION = YES_AGGRESSIVE;
				CLANG_CXX_LANGUAGE_STANDARD = "gnu++20";
				CLANG_ENABLE_MODULES = YES;
				CLANG_ENABLE_OBJC_ARC = YES;
				CLANG_ENABLE_OBJC_WEAK = YES;
				CLANG_WARN_BLOCK_CAPTURE_AUTORELEASING = YES;
				CLANG_WARN_BOOL_CONVERSION = YES;
				CLANG_WARN_COMMA = YES;
				CLANG_WARN_CONSTANT_CONVERSION = YES;
				CLANG_WARN_DEPRECATED_OBJC_IMPLEMENTATIONS = YES;
				CLANG_WARN_DIRECT_OBJC_ISA_USAGE = YES_ERROR;
				CLANG_WARN_DOCUMENTATION_COMMENTS = YES;
				CLANG_WARN_EMPTY_BODY = YES;
				CLANG_WARN_ENUM_CONVERSION = YES;
				CLANG_WARN_INFINITE_RECURSION = YES;
				CLANG_WARN_INT_CONVERSION = YES;
				CLANG_WARN_NON_LITERAL_NULL_CONVERSION = YES;
				CLANG_WARN_OBJC_IMPLICIT_RETAIN_SELF = YES;
				CLANG_WARN_OBJC_LITERAL_CONVERSION = YES;
				CLANG_WARN_OBJC_ROOT_CLASS = YES_ERROR;
				CLANG_WARN_QUOTED_INCLUDE_IN_FRAMEWORK_HEADER = YES;
				CLANG_WARN_RANGE_LOOP_ANALYSIS = YES;
				CLANG_WARN_STRICT_PROTOTYPES = YES;
				CLANG_WARN_SUSPICIOUS_MOVE = YES;
				CLANG_WARN_UNGUARDED_AVAILABILITY = YES_AGGRESSIVE;
				CLANG_WARN_UNREACHABLE_CODE = YES;
				CLANG_WARN__DUPLICATE_METHOD_MATCH = YES;
				COPY_PHASE_STRIP = NO;
				DEBUG_INFORMATION_FORMAT = dwarf;
				ENABLE_STRICT_OBJC_MSGSEND = YES;
				ENABLE_TESTABILITY = YES;
				ENABLE_USER_SCRIPT_SANDBOXING = YES;
				GCC_C_LANGUAGE_STANDARD = gnu17;
				GCC_DYNAMIC_NO_PIC = NO;
				GCC_NO_COMMON_BLOCKS = YES;
				GCC_OPTIMIZATION_LEVEL = 0;
				GCC_PREPROCESSOR_DEFINITIONS = (
					"DEBUG=1",
					"$(inherited)",
				);
				GCC_WARN_64_TO_32_BIT_CONVERSION = YES;
				GCC_WARN_ABOUT_RETURN_TYPE = YES_ERROR;
				GCC_WARN_UNDECLARED_SELECTOR = YES;
				GCC_WARN_UNINITIALIZED_AUTOS = YES_AGGRESSIVE;
				GCC_WARN_UNUSED_FUNCTION = YES;
				GCC_WARN_UNUSED_VARIABLE = YES;
				IPHONEOS_DEPLOYMENT_TARGET = 17.2;
				LOCALIZATION_PREFERS_STRING_CATALOGS = YES;
				MTL_ENABLE_DEBUG_INFO = INCLUDE_SOURCE;
				MTL_FAST_MATH = YES;
				ONLY_ACTIVE_ARCH = YES;
				SDKROOT = iphoneos;
			};
			name = Debug;
		};
		EBAE1C0D2EE1778A009551F0 /* Release */ = {
			isa = XCBuildConfiguration;
			buildSettings = {
				ALWAYS_SEARCH_USER_PATHS = NO;
				ASSETCATALOG_COMPILER_GENERATE_SWIFT_ASSET_SYMBOL_EXTENSIONS = YES;
				CLANG_ANALYZER_NONNULL = YES;
				CLANG_ANALYZER_NUMBER_OBJECT_CONVERSION = YES_AGGRESSIVE;
				CLANG_CXX_LANGUAGE_STANDARD = "gnu++20";
				CLANG_ENABLE_MODULES = YES;
				CLANG_ENABLE_OBJC_ARC = YES;
				CLANG_ENABLE_OBJC_WEAK = YES;
				CLANG_WARN_BLOCK_CAPTURE_AUTORELEASING = YES;
				CLANG_WARN_BOOL_CONVERSION = YES;
				CLANG_WARN_COMMA = YES;
				CLANG_WARN_CONSTANT_CONVERSION = YES;
				CLANG_WARN_DEPRECATED_OBJC_IMPLEMENTATIONS = YES;
				CLANG_WARN_DIRECT_OBJC_ISA_USAGE = YES_ERROR;
				CLANG_WARN_DOCUMENTATION_COMMENTS = YES;
				CLANG_WARN_EMPTY_BODY = YES;
				CLANG_WARN_ENUM_CONVERSION = YES;
				CLANG_WARN_INFINITE_RECURSION = YES;
				CLANG_WARN_INT_CONVERSION = YES;
				CLANG_WARN_NON_LITERAL_NULL_CONVERSION = YES;
				CLANG_WARN_OBJC_IMPLICIT_RETAIN_SELF = YES;
				CLANG_WARN_OBJC_LITERAL_CONVERSION = YES;
				CLANG_WARN_OBJC_ROOT_CLASS = YES_ERROR;
				CLANG_WARN_QUOTED_INCLUDE_IN_FRAMEWORK_HEADER = YES;
				CLANG_WARN_RANGE_LOOP_ANALYSIS = YES;
				CLANG_WARN_STRICT_PROTOTYPES = YES;
				CLANG_WARN_SUSPICIOUS_MOVE = YES;
				CLANG_WARN_UNGUARDED_AVAILABILITY = YES_AGGRESSIVE;
				CLANG_WARN_UNREACHABLE_CODE = YES;
				CLANG_WARN__DUPLICATE_METHOD_MATCH = YES;
				COPY_PHASE_STRIP = NO;
				DEBUG_INFORMATION_FORMAT = "dwarf-with-dsym";
				ENABLE_NS_ASSERTIONS = NO;
				ENABLE_STRICT_OBJC_MSGSEND = YES;
				ENABLE_USER_SCRIPT_SANDBOXING = YES;
				GCC_C_LANGUAGE_STANDARD = gnu17;
				GCC_NO_COMMON_BLOCKS = YES;
				GCC_WARN_64_TO_32_BIT_CONVERSION = YES;
				GCC_WARN_ABOUT_RETURN_TYPE = YES_ERROR;
				GCC_WARN_UNDECLARED_SELECTOR = YES;
				GCC_WARN_UNINITIALIZED_AUTOS = YES_AGGRESSIVE;
				GCC_WARN_UNUSED_FUNCTION = YES;
				GCC_WARN_UNUSED_VARIABLE = YES;
				IPHONEOS_DEPLOYMENT_TARGET = 17.2;
				LOCALIZATION_PREFERS_STRING_CATALOGS = YES;
				MTL_ENABLE_DEBUG_INFO = NO;
				MTL_FAST_MATH = YES;
				SDKROOT = iphoneos;
				VALIDATE_PRODUCT = YES;
			};
			name = Release;
		};
		EBAE1C0F2EE1778A009551F0 /* Debug */ = {
			isa = XCBuildConfiguration;
			baseConfigurationReference = 802D771F1115D64CC374912A /* Pods-TencentCloudLogDemo.debug.xcconfig */;
			buildSettings = {
				ASSETCATALOG_COMPILER_APPICON_NAME = AppIcon;
				ASSETCATALOG_COMPILER_GLOBAL_ACCENT_COLOR_NAME = AccentColor;
				CODE_SIGN_STYLE = Automatic;
				CURRENT_PROJECT_VERSION = 1;
				DEVELOPMENT_TEAM = 2N5UVZXKN3;
				ENABLE_USER_SCRIPT_SANDBOXING = NO;
				GENERATE_INFOPLIST_FILE = YES;
				INFOPLIST_FILE = TencentCloudLogDemo/Info.plist;
				INFOPLIST_KEY_UIApplicationSupportsIndirectInputEvents = YES;
				INFOPLIST_KEY_UILaunchStoryboardName = LaunchScreen;
				INFOPLIST_KEY_UIMainStoryboardFile = Main;
				INFOPLIST_KEY_UISupportedInterfaceOrientations_iPad = "UIInterfaceOrientationPortrait UIInterfaceOrientationPortraitUpsideDown UIInterfaceOrientationLandscapeLeft UIInterfaceOrientationLandscapeRight";
				INFOPLIST_KEY_UISupportedInterfaceOrientations_iPhone = "UIInterfaceOrientationPortrait UIInterfaceOrientationLandscapeLeft UIInterfaceOrientationLandscapeRight";
				IPHONEOS_DEPLOYMENT_TARGET = 17.2;
				LD_RUNPATH_SEARCH_PATHS = (
					"$(inherited)",
					"@executable_path/Frameworks",
				);
				MARKETING_VERSION = 1.0;
				PRODUCT_BUNDLE_IDENTIFIER = "-83477314-qq.com.TencentCloudLogDemo";
				PRODUCT_NAME = "$(TARGET_NAME)";
				SWIFT_EMIT_LOC_STRINGS = YES;
				TARGETED_DEVICE_FAMILY = "1,2";
			};
			name = Debug;
		};
		EBAE1C102EE1778A009551F0 /* Release */ = {
			isa = XCBuildConfiguration;
			baseConfigurationReference = 10CCD9C0D9E2642295FFA231 /* Pods-TencentCloudLogDemo.release.xcconfig */;
			buildSettings = {
				ASSETCATALOG_COMPILER_APPICON_NAME = AppIcon;
				ASSETCATALOG_COMPILER_GLOBAL_ACCENT_COLOR_NAME = AccentColor;
				CODE_SIGN_STYLE = Automatic;
				CURRENT_PROJECT_VERSION = 1;
				DEVELOPMENT_TEAM = 2N5UVZXKN3;
				ENABLE_USER_SCRIPT_SANDBOXING = NO;
				GENERATE_INFOPLIST_FILE = YES;
				INFOPLIST_FILE = TencentCloudLogDemo/Info.plist;
				INFOPLIST_KEY_UIApplicationSupportsIndirectInputEvents = YES;
				INFOPLIST_KEY_UILaunchStoryboardName = LaunchScreen;
				INFOPLIST_KEY_UIMainStoryboardFile = Main;
				INFOPLIST_KEY_UISupportedInterfaceOrientations_iPad = "UIInterfaceOrientationPortrait UIInterfaceOrientationPortraitUpsideDown UIInterfaceOrientationLandscapeLeft UIInterfaceOrientationLandscapeRight";
				INFOPLIST_KEY_UISupportedInterfaceOrientations_iPhone = "UIInterfaceOrientationPortrait UIInterfaceOrientationLandscapeLeft UIInterfaceOrientationLandscapeRight";
				IPHONEOS_DEPLOYMENT_TARGET = 17.2;
				LD_RUNPATH_SEARCH_PATHS = (
					"$(inherited)",
					"@executable_path/Frameworks",
				);
				MARKETING_VERSION = 1.0;
				PRODUCT_BUNDLE_IDENTIFIER = "-83477314-qq.com.TencentCloudLogDemo";
				PRODUCT_NAME = "$(TARGET_NAME)";
				SWIFT_EMIT_LOC_STRINGS = YES;
				TARGETED_DEVICE_FAMILY = "1,2";
			};
			name = Release;
		};
		EBAE1C122EE1778A009551F0 /* Debug */ = {
			isa = XCBuildConfiguration;
			buildSettings = {
				BUNDLE_LOADER = "$(TEST_HOST)";
				CODE_SIGN_STYLE = Automatic;
				CURRENT_PROJECT_VERSION = 1;
				DEVELOPMENT_TEAM = 2N5UVZXKN3;
				GENERATE_INFOPLIST_FILE = YES;
				IPHONEOS_DEPLOYMENT_TARGET = 17.2;
				MARKETING_VERSION = 1.0;
				PRODUCT_BUNDLE_IDENTIFIER = "-83477314-qq.com.TencentCloudLogDemoTests";
				PRODUCT_NAME = "$(TARGET_NAME)";
				SWIFT_EMIT_LOC_STRINGS = NO;
				TARGETED_DEVICE_FAMILY = "1,2";
				TEST_HOST = "$(BUILT_PRODUCTS_DIR)/TencentCloudLogDemo.app/$(BUNDLE_EXECUTABLE_FOLDER_PATH)/TencentCloudLogDemo";
			};
			name = Debug;
		};
		EBAE1C132EE1778A009551F0 /* Release */ = {
			isa = XCBuildConfiguration;
			buildSettings = {
				BUNDLE_LOADER = "$(TEST_HOST)";
				CODE_SIGN_STYLE = Automatic;
				CURRENT_PROJECT_VERSION = 1;
				DEVELOPMENT_TEAM = 2N5UVZXKN3;
				GENERATE_INFOPLIST_FILE = YES;
				IPHONEOS_DEPLOYMENT_TARGET = 17.2;
				MARKETING_VERSION = 1.0;
				PRODUCT_BUNDLE_IDENTIFIER = "-83477314-qq.com.TencentCloudLogDemoTests";
				PRODUCT_NAME = "$(TARGET_NAME)";
				SWIFT_EMIT_LOC_STRINGS = NO;
				TARGETED_DEVICE_FAMILY = "1,2";
				TEST_HOST = "$(BUILT_PRODUCTS_DIR)/TencentCloudLogDemo.app/$(BUNDLE_EXECUTABLE_FOLDER_PATH)/TencentCloudLogDemo";
			};
			name = Release;
		};
/* End XCBuildConfiguration section */

/* Begin XCConfigurationList section */
		EBAE1BDA2EE17789009551F0 /* Build configuration list for PBXProject "TencentCloudLogDemo" */ = {
			isa = XCConfigurationList;
			buildConfigurations = (
				EBAE1C0C2EE1778A009551F0 /* Debug */,
				EBAE1C0D2EE1778A009551F0 /* Release */,
			);
			defaultConfigurationIsVisible = 0;
			defaultConfigurationName = Release;
		};
		EBAE1C0E2EE1778A009551F0 /* Build configuration list for PBXNativeTarget "TencentCloudLogDemo" */ = {
			isa = XCConfigurationList;
			buildConfigurations = (
				EBAE1C0F2EE1778A009551F0 /* Debug */,
				EBAE1C102EE1778A009551F0 /* Release */,
			);
			defaultConfigurationIsVisible = 0;
			defaultConfigurationName = Release;
		};
		EBAE1C112EE1778A009551F0 /* Build configuration list for PBXNativeTarget "TencentCloudLogDemoTests" */ = {
			isa = XCConfigurationList;
			buildConfigurations = (
				EBAE1C122EE1778A009551F0 /* Debug */,
				EBAE1C132EE1778A009551F0 /* Release */,
			);
			defaultConfigurationIsVisible = 0;
			defaultConfigurationName = Release;
		};
/* End XCConfigurationList section */
	};
	rootObject = EBAE1BD72EE17789009551F0 /* Project object */;
}
