PODS:
  - GMOpenSSL (2.2.6)
  - Reachability (3.2)
  - TencentCloudLogProducer/Core (1.0.0):
    - GMOpenSSL (~> 2.2.6)
  - TencentCloudLogProducer/NetWorkDiagnosis (1.0.0):
    - Reachability (~> 3.2)
    - TencentCloudLogProducer/Core

DEPENDENCIES:
  - TencentCloudLogProducer/Core (from `../../`)
  - TencentCloudLogProducer/NetWorkDiagnosis (from `../../`)

SPEC REPOS:
  trunk:
    - GMOpenSSL
    - Reachability

EXTERNAL SOURCES:
  TencentCloudLogProducer:
    :path: "../../"

SPEC CHECKSUMS:
  GMOpenSSL: 9a58d4bbae233579275605fb65f7d92fb01f3c06
  Reachability: 33e18b67625424e47b6cde6d202dce689ad7af96
  TencentCloudLogProducer: c92c98c8c68adde6c28edbdaa1ab54b409cfdbeb

PODFILE CHECKSUM: 08eb0903ad8062c9e40619e96643e3b6d8eef6d2

COCOAPODS: 1.11.3
