PODS:
  - FMDB (2.7.12):
    - FMDB/standard (= 2.7.12)
  - FMDB/Core (2.7.12)
  - FMDB/standard (2.7.12):
    - FMDB/Core
  - OCMock (3.9.4)
  - Protobuf (3.29.5)
  - Reachability (3.7.6)
  - TencentCloudLogProducer/Core (3.0.0):
    - FMDB (~> 2.7.5)
    - Protobuf (~> 3.29.5)
    - Reachability (~> 3.7)
  - TencentCloudLogProducer/NetWorkDiagnosis (3.0.0):
    - TencentCloudLogProducer/Core

DEPENDENCIES:
  - OCMock (~> 3.0)
  - TencentCloudLogProducer/Core (from `../../`)
  - TencentCloudLogProducer/NetWorkDiagnosis (from `../../`)

SPEC REPOS:
  trunk:
    - FMDB
    - OCMock
    - Protobuf
    - Reachability

EXTERNAL SOURCES:
  TencentCloudLogProducer:
    :path: "../../"

SPEC CHECKSUMS:
  FMDB: 728731dd336af3936ce00f91d9d8495f5718a0e6
  OCMock: 589f2c84dacb1f5aaf6e4cec1f292551fe748e74
  Protobuf: 164aea2ae380c3951abdc3e195220c01d17400e0
  Reachability: fd0ecd23705e2599e4cceeb943222ae02296cbc6
  TencentCloudLogProducer: 5cabb31dcc55860fa70204ea61a3113f35c32c25

PODFILE CHECKSUM: 2e20e63af86122dad930f876d5c02b22e8be0e3a

COCOAPODS: 1.16.2
